
Microsoft Visual Studio Solution File, Format Version 12.00
# Visual Studio 15
VisualStudioVersion = 15.0.28307.168
MinimumVisualStudioVersion = 10.0.40219.1
Project("{2150E333-8FDC-42A3-9474-1A3956D46DE8}") = "01 - Services", "01 - Services", "{5EB03FC9-0DE1-44F6-B0E8-C00BBA2F2DC7}"
EndProject
Project("{2150E333-8FDC-42A3-9474-1A3956D46DE8}") = "02 - Application", "02 - Application", "{126BC541-137F-4E06-B103-2816E8C56334}"
EndProject
Project("{2150E333-8FDC-42A3-9474-1A3956D46DE8}") = "03 - Domain", "03 - Domain", "{37352FD1-DBCC-4223-9B93-E8AAE3A61CDA}"
EndProject
Project("{2150E333-8FDC-42A3-9474-1A3956D46DE8}") = "04 - Infra", "04 - Infra", "{DB0BB6F0-7FDB-4FA7-90F6-53FE053FCCB2}"
EndProject
Project("{2150E333-8FDC-42A3-9474-1A3956D46DE8}") = "01.1 - WebAPI", "01.1 - WebAPI", "{EE085DB1-173B-489C-9B73-5C385EE4A110}"
EndProject
Project("{2150E333-8FDC-42A3-9474-1A3956D46DE8}") = "04.1 - Data", "04.1 - Data", "{1D2FB499-58AB-4052-B177-53868945C808}"
EndProject
Project("{FAE04EC0-301F-11D3-BF4B-00C04F79EFBC}") = "Control.Infra.Data", "Control.Infra.Data\Control.Infra.Data.csproj", "{ED47954E-C428-4A01-AD18-3BF27CA84285}"
EndProject
Project("{FAE04EC0-301F-11D3-BF4B-00C04F79EFBC}") = "Control.Domain", "Control.Domain\Control.Domain.csproj", "{649590D7-AAF9-4AA1-A752-0660D2571E3C}"
EndProject
Project("{FAE04EC0-301F-11D3-BF4B-00C04F79EFBC}") = "Control.Application", "Control.Application\Control.Application.csproj", "{1BCE133D-8FD6-4A6C-909C-01DC02C6FB37}"
EndProject
Project("{FAE04EC0-301F-11D3-BF4B-00C04F79EFBC}") = "Control.WebAPI", "Control.WebAPI\Control.WebAPI.csproj", "{A18B6BBF-E6FE-45C2-BD2A-12405BF775DF}"
EndProject
Project("{2150E333-8FDC-42A3-9474-1A3956D46DE8}") = "04.2 - CrossCutting", "04.2 - CrossCutting", "{262FBEF9-7FA4-4EB6-B97F-C4A72995E33D}"
EndProject
Project("{2150E333-8FDC-42A3-9474-1A3956D46DE8}") = "04.2.1 - IoC", "04.2.1 - IoC", "{7D63A688-ED94-48C3-BA70-DC8F430B6EAA}"
EndProject
Project("{FAE04EC0-301F-11D3-BF4B-00C04F79EFBC}") = "Control.Infra.CrossCutting.IoC", "Control.Infra.CrossCutting.IoC\Control.Infra.CrossCutting.IoC.csproj", "{C5EF10CE-00D0-47B2-8291-C212922DA699}"
EndProject
Global
	GlobalSection(SolutionConfigurationPlatforms) = preSolution
		Debug|Any CPU = Debug|Any CPU
		Release|Any CPU = Release|Any CPU
	EndGlobalSection
	GlobalSection(ProjectConfigurationPlatforms) = postSolution
		{ED47954E-C428-4A01-AD18-3BF27CA84285}.Debug|Any CPU.ActiveCfg = Debug|Any CPU
		{ED47954E-C428-4A01-AD18-3BF27CA84285}.Debug|Any CPU.Build.0 = Debug|Any CPU
		{ED47954E-C428-4A01-AD18-3BF27CA84285}.Release|Any CPU.ActiveCfg = Release|Any CPU
		{ED47954E-C428-4A01-AD18-3BF27CA84285}.Release|Any CPU.Build.0 = Release|Any CPU
		{649590D7-AAF9-4AA1-A752-0660D2571E3C}.Debug|Any CPU.ActiveCfg = Debug|Any CPU
		{649590D7-AAF9-4AA1-A752-0660D2571E3C}.Debug|Any CPU.Build.0 = Debug|Any CPU
		{649590D7-AAF9-4AA1-A752-0660D2571E3C}.Release|Any CPU.ActiveCfg = Release|Any CPU
		{649590D7-AAF9-4AA1-A752-0660D2571E3C}.Release|Any CPU.Build.0 = Release|Any CPU
		{1BCE133D-8FD6-4A6C-909C-01DC02C6FB37}.Debug|Any CPU.ActiveCfg = Debug|Any CPU
		{1BCE133D-8FD6-4A6C-909C-01DC02C6FB37}.Debug|Any CPU.Build.0 = Debug|Any CPU
		{1BCE133D-8FD6-4A6C-909C-01DC02C6FB37}.Release|Any CPU.ActiveCfg = Release|Any CPU
		{1BCE133D-8FD6-4A6C-909C-01DC02C6FB37}.Release|Any CPU.Build.0 = Release|Any CPU
		{A18B6BBF-E6FE-45C2-BD2A-12405BF775DF}.Debug|Any CPU.ActiveCfg = Debug|Any CPU
		{A18B6BBF-E6FE-45C2-BD2A-12405BF775DF}.Debug|Any CPU.Build.0 = Debug|Any CPU
		{A18B6BBF-E6FE-45C2-BD2A-12405BF775DF}.Release|Any CPU.ActiveCfg = Release|Any CPU
		{A18B6BBF-E6FE-45C2-BD2A-12405BF775DF}.Release|Any CPU.Build.0 = Release|Any CPU
		{C5EF10CE-00D0-47B2-8291-C212922DA699}.Debug|Any CPU.ActiveCfg = Debug|Any CPU
		{C5EF10CE-00D0-47B2-8291-C212922DA699}.Debug|Any CPU.Build.0 = Debug|Any CPU
		{C5EF10CE-00D0-47B2-8291-C212922DA699}.Release|Any CPU.ActiveCfg = Release|Any CPU
		{C5EF10CE-00D0-47B2-8291-C212922DA699}.Release|Any CPU.Build.0 = Release|Any CPU
	EndGlobalSection
	GlobalSection(SolutionProperties) = preSolution
		HideSolutionNode = FALSE
	EndGlobalSection
	GlobalSection(NestedProjects) = preSolution
		{EE085DB1-173B-489C-9B73-5C385EE4A110} = {5EB03FC9-0DE1-44F6-B0E8-C00BBA2F2DC7}
		{1D2FB499-58AB-4052-B177-53868945C808} = {DB0BB6F0-7FDB-4FA7-90F6-53FE053FCCB2}
		{ED47954E-C428-4A01-AD18-3BF27CA84285} = {1D2FB499-58AB-4052-B177-53868945C808}
		{649590D7-AAF9-4AA1-A752-0660D2571E3C} = {37352FD1-DBCC-4223-9B93-E8AAE3A61CDA}
		{1BCE133D-8FD6-4A6C-909C-01DC02C6FB37} = {126BC541-137F-4E06-B103-2816E8C56334}
		{A18B6BBF-E6FE-45C2-BD2A-12405BF775DF} = {EE085DB1-173B-489C-9B73-5C385EE4A110}
		{262FBEF9-7FA4-4EB6-B97F-C4A72995E33D} = {DB0BB6F0-7FDB-4FA7-90F6-53FE053FCCB2}
		{7D63A688-ED94-48C3-BA70-DC8F430B6EAA} = {262FBEF9-7FA4-4EB6-B97F-C4A72995E33D}
		{C5EF10CE-00D0-47B2-8291-C212922DA699} = {7D63A688-ED94-48C3-BA70-DC8F430B6EAA}
	EndGlobalSection
	GlobalSection(ExtensibilityGlobals) = postSolution
		SolutionGuid = {67F26A1B-DA78-43F4-9D9C-55F56D0864EB}
	EndGlobalSection
EndGlobal
